
Microsoft Visual Studio Solution File, Format Version 12.00
# Visual Studio 15
VisualStudioVersion = 15.0.26430.16
MinimumVisualStudioVersion = 10.0.40219.1
Project("{FAE04EC0-301F-11D3-BF4B-00C04F79EFBC}") = "post-new-url", "post-new-url\post-new-url.csproj", "{4B1C9C10-3E46-49FE-A2CE-38266E9085E6}"
EndProject
Project("{2150E333-8FDC-42A3-9474-1A3956D46DE8}") = "Solution Items", "Solution Items", "{FF45462F-0CCA-40CB-A1A4-21AAB6541EC6}"
	ProjectSection(SolutionItems) = preProject
		host.json = host.json
		run.bat = run.bat
	EndProjectSection
EndProject
Project("{FAE04EC0-301F-11D3-BF4B-00C04F79EFBC}") = "url-shortener", "Functions\url-shortener.csproj", "{DB3773AC-6782-4C52-A0A2-44B4C2532BFB}"
EndProject
Project("{FAE04EC0-301F-11D3-BF4B-00C04F79EFBC}") = "get-url", "get-url\get-url.csproj", "{49B42171-7940-4D08-B1AA-FA71360AAC4F}"
EndProject
Project("{FAE04EC0-301F-11D3-BF4B-00C04F79EFBC}") = "url-shortener.tests", "url-shortener.tests2\url-shortener.tests.csproj", "{2E3DF5C2-8A38-4A03-86D7-8D463C917E47}"
EndProject
Global
	GlobalSection(SolutionConfigurationPlatforms) = preSolution
		Debug|Any CPU = Debug|Any CPU
		Release|Any CPU = Release|Any CPU
	EndGlobalSection
	GlobalSection(ProjectConfigurationPlatforms) = postSolution
		{4B1C9C10-3E46-49FE-A2CE-38266E9085E6}.Debug|Any CPU.ActiveCfg = Debug|Any CPU
		{4B1C9C10-3E46-49FE-A2CE-38266E9085E6}.Debug|Any CPU.Build.0 = Debug|Any CPU
		{4B1C9C10-3E46-49FE-A2CE-38266E9085E6}.Release|Any CPU.ActiveCfg = Release|Any CPU
		{4B1C9C10-3E46-49FE-A2CE-38266E9085E6}.Release|Any CPU.Build.0 = Release|Any CPU
		{DB3773AC-6782-4C52-A0A2-44B4C2532BFB}.Debug|Any CPU.ActiveCfg = Debug|Any CPU
		{DB3773AC-6782-4C52-A0A2-44B4C2532BFB}.Debug|Any CPU.Build.0 = Debug|Any CPU
		{DB3773AC-6782-4C52-A0A2-44B4C2532BFB}.Release|Any CPU.ActiveCfg = Release|Any CPU
		{DB3773AC-6782-4C52-A0A2-44B4C2532BFB}.Release|Any CPU.Build.0 = Release|Any CPU
		{49B42171-7940-4D08-B1AA-FA71360AAC4F}.Debug|Any CPU.ActiveCfg = Debug|Any CPU
		{49B42171-7940-4D08-B1AA-FA71360AAC4F}.Debug|Any CPU.Build.0 = Debug|Any CPU
		{49B42171-7940-4D08-B1AA-FA71360AAC4F}.Release|Any CPU.ActiveCfg = Release|Any CPU
		{49B42171-7940-4D08-B1AA-FA71360AAC4F}.Release|Any CPU.Build.0 = Release|Any CPU
		{2E3DF5C2-8A38-4A03-86D7-8D463C917E47}.Debug|Any CPU.ActiveCfg = Debug|Any CPU
		{2E3DF5C2-8A38-4A03-86D7-8D463C917E47}.Debug|Any CPU.Build.0 = Debug|Any CPU
		{2E3DF5C2-8A38-4A03-86D7-8D463C917E47}.Release|Any CPU.ActiveCfg = Release|Any CPU
		{2E3DF5C2-8A38-4A03-86D7-8D463C917E47}.Release|Any CPU.Build.0 = Release|Any CPU
	EndGlobalSection
	GlobalSection(SolutionProperties) = preSolution
		HideSolutionNode = FALSE
	EndGlobalSection
EndGlobal
